
Microsoft Visual Studio Solution File, Format Version 12.00
# Visual Studio 15
VisualStudioVersion = 15.0.28307.1082
MinimumVisualStudioVersion = 10.0.40219.1
Project("{FAE04EC0-301F-11D3-BF4B-00C04F79EFBC}") = "DAL", "crm-last\DAL.csproj", "{D24E7C95-1402-4E93-86B3-32705CD7318C}"
EndProject
Project("{FAE04EC0-301F-11D3-BF4B-00C04F79EFBC}") = "BOL", "BOL\BOL.csproj", "{1D216815-85DE-40B4-8AB3-C3A6A3BF15F8}"
EndProject
Project("{FAE04EC0-301F-11D3-BF4B-00C04F79EFBC}") = "crm", "crm\crm.csproj", "{98525F10-DC33-4E4E-8FA5-5E5EF3D777B8}"
EndProject
Global
	GlobalSection(SolutionConfigurationPlatforms) = preSolution
		Debug|Any CPU = Debug|Any CPU
		Release|Any CPU = Release|Any CPU
	EndGlobalSection
	GlobalSection(ProjectConfigurationPlatforms) = postSolution
		{D24E7C95-1402-4E93-86B3-32705CD7318C}.Debug|Any CPU.ActiveCfg = Debug|Any CPU
		{D24E7C95-1402-4E93-86B3-32705CD7318C}.Debug|Any CPU.Build.0 = Debug|Any CPU
		{D24E7C95-1402-4E93-86B3-32705CD7318C}.Release|Any CPU.ActiveCfg = Release|Any CPU
		{D24E7C95-1402-4E93-86B3-32705CD7318C}.Release|Any CPU.Build.0 = Release|Any CPU
		{1D216815-85DE-40B4-8AB3-C3A6A3BF15F8}.Debug|Any CPU.ActiveCfg = Debug|Any CPU
		{1D216815-85DE-40B4-8AB3-C3A6A3BF15F8}.Debug|Any CPU.Build.0 = Debug|Any CPU
		{1D216815-85DE-40B4-8AB3-C3A6A3BF15F8}.Release|Any CPU.ActiveCfg = Release|Any CPU
		{1D216815-85DE-40B4-8AB3-C3A6A3BF15F8}.Release|Any CPU.Build.0 = Release|Any CPU
		{98525F10-DC33-4E4E-8FA5-5E5EF3D777B8}.Debug|Any CPU.ActiveCfg = Debug|Any CPU
		{98525F10-DC33-4E4E-8FA5-5E5EF3D777B8}.Debug|Any CPU.Build.0 = Debug|Any CPU
		{98525F10-DC33-4E4E-8FA5-5E5EF3D777B8}.Release|Any CPU.ActiveCfg = Release|Any CPU
		{98525F10-DC33-4E4E-8FA5-5E5EF3D777B8}.Release|Any CPU.Build.0 = Release|Any CPU
	EndGlobalSection
	GlobalSection(SolutionProperties) = preSolution
		HideSolutionNode = FALSE
	EndGlobalSection
	GlobalSection(ExtensibilityGlobals) = postSolution
		SolutionGuid = {CAD635B5-0DC5-4B68-B4E0-9CFAF2D47B37}
	EndGlobalSection
EndGlobal
